// !$*UTF8*$!
{
	archiveVersion = 1;
	classes = {
	};
	objectVersion = 50;
	objects = {

/* Begin PBXBuildFile section */
		BF6313AA26B5B32200E2B40E /* AppDelegate.swift in Sources */ = {isa = PBXBuildFile; fileRef = BF6313A926B5B32200E2B40E /* AppDelegate.swift */; };
		BF6313AC26B5B32200E2B40E /* SceneDelegate.swift in Sources */ = {isa = PBXBuildFile; fileRef = BF6313AB26B5B32200E2B40E /* SceneDelegate.swift */; };
		BF6313AE26B5B32200E2B40E /* ViewController.swift in Sources */ = {isa = PBXBuildFile; fileRef = BF6313AD26B5B32200E2B40E /* ViewController.swift */; };
		BF6313B126B5B32200E2B40E /* Main.storyboard in Resources */ = {isa = PBXBuildFile; fileRef = BF6313AF26B5B32200E2B40E /* Main.storyboard */; };
		BF6313B326B5B32700E2B40E /* Assets.xcassets in Resources */ = {isa = PBXBuildFile; fileRef = BF6313B226B5B32700E2B40E /* Assets.xcassets */; };
		BF6313B626B5B32700E2B40E /* LaunchScreen.storyboard in Resources */ = {isa = PBXBuildFile; fileRef = BF6313B426B5B32700E2B40E /* LaunchScreen.storyboard */; };
/* End PBXBuildFile section */

/* Begin PBXFileReference section */
		BF6313A626B5B32200E2B40E /* HeroesWiki3.app */ = {isa = PBXFileReference; explicitFileType = wrapper.application; includeInIndex = 0; path = HeroesWiki3.app; sourceTree = BUILT_PRODUCTS_DIR; };
		BF6313A926B5B32200E2B40E /* AppDelegate.swift */ = {isa = PBXFileReference; lastKnownFileType = sourcecode.swift; path = AppDelegate.swift; sourceTree = "<group>"; };
		BF6313AB26B5B32200E2B40E /* SceneDelegate.swift */ = {isa = PBXFileReference; lastKnownFileType = sourcecode.swift; path = SceneDelegate.swift; sourceTree = "<group>"; };
		BF6313AD26B5B32200E2B40E /* ViewController.swift */ = {isa = PBXFileReference; lastKnownFileType = sourcecode.swift; path = ViewController.swift; sourceTree = "<group>"; };
		BF6313B026B5B32200E2B40E /* Base */ = {isa = PBXFileReference; lastKnownFileType = file.storyboard; name = Base; path = Base.lproj/Main.storyboard; sourceTree = "<group>"; };
		BF6313B226B5B32700E2B40E /* Assets.xcassets */ = {isa = PBXFileReference; lastKnownFileType = folder.assetcatalog; path = Assets.xcassets; sourceTree = "<group>"; };
		BF6313B526B5B32700E2B40E /* Base */ = {isa = PBXFileReference; lastKnownFileType = file.storyboard; name = Base; path = Base.lproj/LaunchScreen.storyboard; sourceTree = "<group>"; };
		BF6313B726B5B32700E2B40E /* Info.plist */ = {isa = PBXFileReference; lastKnownFileType = text.plist.xml; path = Info.plist; sourceTree = "<group>"; };
/* End PBXFileReference section */

/* Begin PBXFrameworksBuildPhase section */
		BF6313A326B5B32200E2B40E /* Frameworks */ = {
			isa = PBXFrameworksBuildPhase;
			buildActionMask = 2147483647;
			files = (
			);
			runOnlyForDeploymentPostprocessing = 0;
		};
/* End PBXFrameworksBuildPhase section */

/* Begin PBXGroup section */
		BF63139D26B5B32200E2B40E = {
			isa = PBXGroup;
			children = (
				BF6313A826B5B32200E2B40E /* HeroesWiki3 */,
				BF6313A726B5B32200E2B40E /* Products */,
			);
			sourceTree = "<group>";
		};
		BF6313A726B5B32200E2B40E /* Products */ = {
			isa = PBXGroup;
			children = (
				BF6313A626B5B32200E2B40E /* HeroesWiki3.app */,
			);
			name = Products;
			sourceTree = "<group>";
		};
		BF6313A826B5B32200E2B40E /* HeroesWiki3 */ = {
			isa = PBXGroup;
			children = (
				BF6313A926B5B32200E2B40E /* AppDelegate.swift */,
				BF6313AB26B5B32200E2B40E /* SceneDelegate.swift */,
				BF6313AD26B5B32200E2B40E /* ViewController.swift */,
				BF6313AF26B5B32200E2B40E /* Main.storyboard */,
				BF6313B226B5B32700E2B40E /* Assets.xcassets */,
				BF6313B426B5B32700E2B40E /* LaunchScreen.storyboard */,
				BF6313B726B5B32700E2B40E /* Info.plist */,
			);
			path = HeroesWiki3;
			sourceTree = "<group>";
		};
/* End PBXGroup section */

/* Begin PBXNativeTarget section */
		BF6313A526B5B32200E2B40E /* HeroesWiki3 */ = {
			isa = PBXNativeTarget;
			buildConfigurationList = BF6313BA26B5B32700E2B40E /* Build configuration list for PBXNativeTarget "HeroesWiki3" */;
			buildPhases = (
				BF6313A226B5B32200E2B40E /* Sources */,
				BF6313A326B5B32200E2B40E /* Frameworks */,
				BF6313A426B5B32200E2B40E /* Resources */,
			);
			buildRules = (
			);
			dependencies = (
			);
			name = HeroesWiki3;
			productName = HeroesWiki3;
			productReference = BF6313A626B5B32200E2B40E /* HeroesWiki3.app */;
			productType = "com.apple.product-type.application";
		};
/* End PBXNativeTarget section */

/* Begin PBXProject section */
		BF63139E26B5B32200E2B40E /* Project object */ = {
			isa = PBXProject;
			attributes = {
				LastSwiftUpdateCheck = 1250;
				LastUpgradeCheck = 1250;
				TargetAttributes = {
					BF6313A526B5B32200E2B40E = {
						CreatedOnToolsVersion = 12.5;
					};
				};
			};
			buildConfigurationList = BF6313A126B5B32200E2B40E /* Build configuration list for PBXProject "HeroesWiki3" */;
			compatibilityVersion = "Xcode 9.3";
			developmentRegion = en;
			hasScannedForEncodings = 0;
			knownRegions = (
				en,
				Base,
			);
			mainGroup = BF63139D26B5B32200E2B40E;
			productRefGroup = BF6313A726B5B32200E2B40E /* Products */;
			projectDirPath = "";
			projectRoot = "";
			targets = (
				BF6313A526B5B32200E2B40E /* HeroesWiki3 */,
			);
		};
/* End PBXProject section */

/* Begin PBXResourcesBuildPhase section */
		BF6313A426B5B32200E2B40E /* Resources */ = {
			isa = PBXResourcesBuildPhase;
			buildActionMask = 2147483647;
			files = (
				BF6313B626B5B32700E2B40E /* LaunchScreen.storyboard in Resources */,
				BF6313B326B5B32700E2B40E /* Assets.xcassets in Resources */,
				BF6313B126B5B32200E2B40E /* Main.storyboard in Resources */,
			);
			runOnlyForDeploymentPostprocessing = 0;
		};
/* End PBXResourcesBuildPhase section */

/* Begin PBXSourcesBuildPhase section */
		BF6313A226B5B32200E2B40E /* Sources */ = {
			isa = PBXSourcesBuildPhase;
			buildActionMask = 2147483647;
			files = (
				BF6313AE26B5B32200E2B40E /* ViewController.swift in Sources */,
				BF6313AA26B5B32200E2B40E /* AppDelegate.swift in Sources */,
				BF6313AC26B5B32200E2B40E /* SceneDelegate.swift in Sources */,
			);
			runOnlyForDeploymentPostprocessing = 0;
		};
/* End PBXSourcesBuildPhase section */

/* Begin PBXVariantGroup section */
		BF6313AF26B5B32200E2B40E /* Main.storyboard */ = {
			isa = PBXVariantGroup;
			children = (
				BF6313B026B5B32200E2B40E /* Base */,
			);
			name = Main.storyboard;
			sourceTree = "<group>";
		};
		BF6313B426B5B32700E2B40E /* LaunchScreen.storyboard */ = {
			isa = PBXVariantGroup;
			children = (
				BF6313B526B5B32700E2B40E /* Base */,
			);
			name = LaunchScreen.storyboard;
			sourceTree = "<group>";
		};
/* End PBXVariantGroup section */

/* Begin XCBuildConfiguration section */
		BF6313B826B5B32700E2B40E /* Debug */ = {
			isa = XCBuildConfiguration;
			buildSettings = {
				ALWAYS_SEARCH_USER_PATHS = NO;
				CLANG_ANALYZER_NONNULL = YES;
				CLANG_ANALYZER_NUMBER_OBJECT_CONVERSION = YES_AGGRESSIVE;
				CLANG_CXX_LANGUAGE_STANDARD = "gnu++14";
				CLANG_CXX_LIBRARY = "libc++";
				CLANG_ENABLE_MODULES = YES;
				CLANG_ENABLE_OBJC_ARC = YES;
				CLANG_ENABLE_OBJC_WEAK = YES;
				CLANG_WARN_BLOCK_CAPTURE_AUTORELEASING = YES;
				CLANG_WARN_BOOL_CONVERSION = YES;
				CLANG_WARN_COMMA = YES;
				CLANG_WARN_CONSTANT_CONVERSION = YES;
				CLANG_WARN_DEPRECATED_OBJC_IMPLEMENTATIONS = YES;
				CLANG_WARN_DIRECT_OBJC_ISA_USAGE = YES_ERROR;
				CLANG_WARN_DOCUMENTATION_COMMENTS = YES;
				CLANG_WARN_EMPTY_BODY = YES;
				CLANG_WARN_ENUM_CONVERSION = YES;
				CLANG_WARN_INFINITE_RECURSION = YES;
				CLANG_WARN_INT_CONVERSION = YES;
				CLANG_WARN_NON_LITERAL_NULL_CONVERSION = YES;
				CLANG_WARN_OBJC_IMPLICIT_RETAIN_SELF = YES;
				CLANG_WARN_OBJC_LITERAL_CONVERSION = YES;
				CLANG_WARN_OBJC_ROOT_CLASS = YES_ERROR;
				CLANG_WARN_QUOTED_INCLUDE_IN_FRAMEWORK_HEADER = YES;
				CLANG_WARN_RANGE_LOOP_ANALYSIS = YES;
				CLANG_WARN_STRICT_PROTOTYPES = YES;
				CLANG_WARN_SUSPICIOUS_MOVE = YES;
				CLANG_WARN_UNGUARDED_AVAILABILITY = YES_AGGRESSIVE;
				CLANG_WARN_UNREACHABLE_CODE = YES;
				CLANG_WARN__DUPLICATE_METHOD_MATCH = YES;
				COPY_PHASE_STRIP = NO;
				DEBUG_INFORMATION_FORMAT = dwarf;
				ENABLE_STRICT_OBJC_MSGSEND = YES;
				ENABLE_TESTABILITY = YES;
				GCC_C_LANGUAGE_STANDARD = gnu11;
				GCC_DYNAMIC_NO_PIC = NO;
				GCC_NO_COMMON_BLOCKS = YES;
				GCC_OPTIMIZATION_LEVEL = 0;
				GCC_PREPROCESSOR_DEFINITIONS = (
					"DEBUG=1",
					"$(inherited)",
				);
				GCC_WARN_64_TO_32_BIT_CONVERSION = YES;
				GCC_WARN_ABOUT_RETURN_TYPE = YES_ERROR;
				GCC_WARN_UNDECLARED_SELECTOR = YES;
				GCC_WARN_UNINITIALIZED_AUTOS = YES_AGGRESSIVE;
				GCC_WARN_UNUSED_FUNCTION = YES;
				GCC_WARN_UNUSED_VARIABLE = YES;
				IPHONEOS_DEPLOYMENT_TARGET = 14.5;
				MTL_ENABLE_DEBUG_INFO = INCLUDE_SOURCE;
				MTL_FAST_MATH = YES;
				ONLY_ACTIVE_ARCH = YES;
				SDKROOT = iphoneos;
				SWIFT_ACTIVE_COMPILATION_CONDITIONS = DEBUG;
				SWIFT_OPTIMIZATION_LEVEL = "-Onone";
			};
			name = Debug;
		};
		BF6313B926B5B32700E2B40E /* Release */ = {
			isa = XCBuildConfiguration;
			buildSettings = {
				ALWAYS_SEARCH_USER_PATHS = NO;
				CLANG_ANALYZER_NONNULL = YES;
				CLANG_ANALYZER_NUMBER_OBJECT_CONVERSION = YES_AGGRESSIVE;
				CLANG_CXX_LANGUAGE_STANDARD = "gnu++14";
				CLANG_CXX_LIBRARY = "libc++";
				CLANG_ENABLE_MODULES = YES;
				CLANG_ENABLE_OBJC_ARC = YES;
				CLANG_ENABLE_OBJC_WEAK = YES;
				CLANG_WARN_BLOCK_CAPTURE_AUTORELEASING = YES;
				CLANG_WARN_BOOL_CONVERSION = YES;
				CLANG_WARN_COMMA = YES;
				CLANG_WARN_CONSTANT_CONVERSION = YES;
				CLANG_WARN_DEPRECATED_OBJC_IMPLEMENTATIONS = YES;
				CLANG_WARN_DIRECT_OBJC_ISA_USAGE = YES_ERROR;
				CLANG_WARN_DOCUMENTATION_COMMENTS = YES;
				CLANG_WARN_EMPTY_BODY = YES;
				CLANG_WARN_ENUM_CONVERSION = YES;
				CLANG_WARN_INFINITE_RECURSION = YES;
				CLANG_WARN_INT_CONVERSION = YES;
				CLANG_WARN_NON_LITERAL_NULL_CONVERSION = YES;
				CLANG_WARN_OBJC_IMPLICIT_RETAIN_SELF = YES;
				CLANG_WARN_OBJC_LITERAL_CONVERSION = YES;
				CLANG_WARN_OBJC_ROOT_CLASS = YES_ERROR;
				CLANG_WARN_QUOTED_INCLUDE_IN_FRAMEWORK_HEADER = YES;
				CLANG_WARN_RANGE_LOOP_ANALYSIS = YES;
				CLANG_WARN_STRICT_PROTOTYPES = YES;
				CLANG_WARN_SUSPICIOUS_MOVE = YES;
				CLANG_WARN_UNGUARDED_AVAILABILITY = YES_AGGRESSIVE;
				CLANG_WARN_UNREACHABLE_CODE = YES;
				CLANG_WARN__DUPLICATE_METHOD_MATCH = YES;
				COPY_PHASE_STRIP = NO;
				DEBUG_INFORMATION_FORMAT = "dwarf-with-dsym";
				ENABLE_NS_ASSERTIONS = NO;
				ENABLE_STRICT_OBJC_MSGSEND = YES;
				GCC_C_LANGUAGE_STANDARD = gnu11;
				GCC_NO_COMMON_BLOCKS = YES;
				GCC_WARN_64_TO_32_BIT_CONVERSION = YES;
				GCC_WARN_ABOUT_RETURN_TYPE = YES_ERROR;
				GCC_WARN_UNDECLARED_SELECTOR = YES;
				GCC_WARN_UNINITIALIZED_AUTOS = YES_AGGRESSIVE;
				GCC_WARN_UNUSED_FUNCTION = YES;
				GCC_WARN_UNUSED_VARIABLE = YES;
				IPHONEOS_DEPLOYMENT_TARGET = 14.5;
				MTL_ENABLE_DEBUG_INFO = NO;
				MTL_FAST_MATH = YES;
				SDKROOT = iphoneos;
				SWIFT_COMPILATION_MODE = wholemodule;
				SWIFT_OPTIMIZATION_LEVEL = "-O";
				VALIDATE_PRODUCT = YES;
			};
			name = Release;
		};
		BF6313BB26B5B32700E2B40E /* Debug */ = {
			isa = XCBuildConfiguration;
			buildSettings = {
				ASSETCATALOG_COMPILER_APPICON_NAME = AppIcon;
				ASSETCATALOG_COMPILER_GLOBAL_ACCENT_COLOR_NAME = AccentColor;
				CODE_SIGN_STYLE = Automatic;
				DEVELOPMENT_TEAM = HGNXB64TGD;
				INFOPLIST_FILE = HeroesWiki3/Info.plist;
				LD_RUNPATH_SEARCH_PATHS = (
					"$(inherited)",
					"@executable_path/Frameworks",
				);
				PRODUCT_BUNDLE_IDENTIFIER = com.HeroesWiki3;
				PRODUCT_NAME = "$(TARGET_NAME)";
				SWIFT_VERSION = 5.0;
				TARGETED_DEVICE_FAMILY = "1,2";
			};
			name = Debug;
		};
		BF6313BC26B5B32700E2B40E /* Release */ = {
			isa = XCBuildConfiguration;
			buildSettings = {
				ASSETCATALOG_COMPILER_APPICON_NAME = AppIcon;
				ASSETCATALOG_COMPILER_GLOBAL_ACCENT_COLOR_NAME = AccentColor;
				CODE_SIGN_STYLE = Automatic;
				DEVELOPMENT_TEAM = HGNXB64TGD;
				INFOPLIST_FILE = HeroesWiki3/Info.plist;
				LD_RUNPATH_SEARCH_PATHS = (
					"$(inherited)",
					"@executable_path/Frameworks",
				);
				PRODUCT_BUNDLE_IDENTIFIER = com.HeroesWiki3;
				PRODUCT_NAME = "$(TARGET_NAME)";
				SWIFT_VERSION = 5.0;
				TARGETED_DEVICE_FAMILY = "1,2";
			};
			name = Release;
		};
/* End XCBuildConfiguration section */

/* Begin XCConfigurationList section */
		BF6313A126B5B32200E2B40E /* Build configuration list for PBXProject "HeroesWiki3" */ = {
			isa = XCConfigurationList;
			buildConfigurations = (
				BF6313B826B5B32700E2B40E /* Debug */,
				BF6313B926B5B32700E2B40E /* Release */,
			);
			defaultConfigurationIsVisible = 0;
			defaultConfigurationName = Release;
		};
		BF6313BA26B5B32700E2B40E /* Build configuration list for PBXNativeTarget "HeroesWiki3" */ = {
			isa = XCConfigurationList;
			buildConfigurations = (
				BF6313BB26B5B32700E2B40E /* Debug */,
				BF6313BC26B5B32700E2B40E /* Release */,
			);
			defaultConfigurationIsVisible = 0;
			defaultConfigurationName = Release;
		};
/* End XCConfigurationList section */
	};
	rootObject = BF63139E26B5B32200E2B40E /* Project object */;
}
